
Microsoft Visual Studio Solution File, Format Version 12.00
# Visual Studio Version 16
VisualStudioVersion = 16.0.30011.22
MinimumVisualStudioVersion = 10.0.40219.1
Project("{FAE04EC0-301F-11D3-BF4B-00C04F79EFBC}") = "antsequence20th", "antsequence20th\antsequence20th.csproj", "{BCCDA4DF-15A0-44FC-8A0E-2A1AAF2F4CB7}"
EndProject
Global
	GlobalSection(SolutionConfigurationPlatforms) = preSolution
		Debug|Any CPU = Debug|Any CPU
		Release|Any CPU = Release|Any CPU
	EndGlobalSection
	GlobalSection(ProjectConfigurationPlatforms) = postSolution
		{BCCDA4DF-15A0-44FC-8A0E-2A1AAF2F4CB7}.Debug|Any CPU.ActiveCfg = Debug|Any CPU
		{BCCDA4DF-15A0-44FC-8A0E-2A1AAF2F4CB7}.Debug|Any CPU.Build.0 = Debug|Any CPU
		{BCCDA4DF-15A0-44FC-8A0E-2A1AAF2F4CB7}.Release|Any CPU.ActiveCfg = Release|Any CPU
		{BCCDA4DF-15A0-44FC-8A0E-2A1AAF2F4CB7}.Release|Any CPU.Build.0 = Release|Any CPU
	EndGlobalSection
	GlobalSection(SolutionProperties) = preSolution
		HideSolutionNode = FALSE
	EndGlobalSection
	GlobalSection(ExtensibilityGlobals) = postSolution
		SolutionGuid = {05441DE6-7180-4351-85B9-08C8105C5E73}
	EndGlobalSection
EndGlobal
